
Microsoft Visual Studio Solution File, Format Version 12.00
# Visual Studio Version 17
VisualStudioVersion = 17.14.36511.14 d17.14
MinimumVisualStudioVersion = 10.0.40219.1
Project("{8BC9CEB8-8B4A-11D0-8D11-00A0C91BC942}") = "Prj_O_R", "Prj_O_R.vcxproj", "{1E4696FE-7B29-4F38-B910-F672630DE2D8}"
EndProject
Global
	GlobalSection(SolutionConfigurationPlatforms) = preSolution
		Debug|x64 = Debug|x64
		Debug|x86 = Debug|x86
		Release|x64 = Release|x64
		Release|x86 = Release|x86
	EndGlobalSection
	GlobalSection(ProjectConfigurationPlatforms) = postSolution
		{1E4696FE-7B29-4F38-B910-F672630DE2D8}.Debug|x64.ActiveCfg = Debug|x64
		{1E4696FE-7B29-4F38-B910-F672630DE2D8}.Debug|x64.Build.0 = Debug|x64
		{1E4696FE-7B29-4F38-B910-F672630DE2D8}.Debug|x86.ActiveCfg = Debug|Win32
		{1E4696FE-7B29-4F38-B910-F672630DE2D8}.Debug|x86.Build.0 = Debug|Win32
		{1E4696FE-7B29-4F38-B910-F672630DE2D8}.Release|x64.ActiveCfg = Release|x64
		{1E4696FE-7B29-4F38-B910-F672630DE2D8}.Release|x64.Build.0 = Release|x64
		{1E4696FE-7B29-4F38-B910-F672630DE2D8}.Release|x86.ActiveCfg = Release|Win32
		{1E4696FE-7B29-4F38-B910-F672630DE2D8}.Release|x86.Build.0 = Release|Win32
	EndGlobalSection
	GlobalSection(SolutionProperties) = preSolution
		HideSolutionNode = FALSE
	EndGlobalSection
	GlobalSection(ExtensibilityGlobals) = postSolution
		SolutionGuid = {2D2EF41A-8D49-4757-A727-62C670DA1E78}
	EndGlobalSection
EndGlobal
